
Microsoft Visual Studio Solution File, Format Version 12.00
# Visual Studio 15
VisualStudioVersion = 15.0.27130.2036
MinimumVisualStudioVersion = 10.0.40219.1
Project("{FAE04EC0-301F-11D3-BF4B-00C04F79EFBC}") = "Thrones.ConsoleApp", "Thrones\Thrones.ConsoleApp.csproj", "{77D383F3-1324-4850-A44F-FB248E8D3DC2}"
EndProject
Project("{FAE04EC0-301F-11D3-BF4B-00C04F79EFBC}") = "Thrones.Core", "Thrones.Core\Thrones.Core.csproj", "{A220F2DB-F19B-4ECE-A52A-EF8575058721}"
EndProject
Project("{FAE04EC0-301F-11D3-BF4B-00C04F79EFBC}") = "Thrones.Test", "Thrones.Test\Thrones.Test.csproj", "{1F083F92-F82C-426E-99D1-DF97A50A0570}"
EndProject
Global
	GlobalSection(SolutionConfigurationPlatforms) = preSolution
		Debug|Any CPU = Debug|Any CPU
		Release|Any CPU = Release|Any CPU
	EndGlobalSection
	GlobalSection(ProjectConfigurationPlatforms) = postSolution
		{77D383F3-1324-4850-A44F-FB248E8D3DC2}.Debug|Any CPU.ActiveCfg = Debug|Any CPU
		{77D383F3-1324-4850-A44F-FB248E8D3DC2}.Debug|Any CPU.Build.0 = Debug|Any CPU
		{77D383F3-1324-4850-A44F-FB248E8D3DC2}.Release|Any CPU.ActiveCfg = Release|Any CPU
		{77D383F3-1324-4850-A44F-FB248E8D3DC2}.Release|Any CPU.Build.0 = Release|Any CPU
		{A220F2DB-F19B-4ECE-A52A-EF8575058721}.Debug|Any CPU.ActiveCfg = Debug|Any CPU
		{A220F2DB-F19B-4ECE-A52A-EF8575058721}.Debug|Any CPU.Build.0 = Debug|Any CPU
		{A220F2DB-F19B-4ECE-A52A-EF8575058721}.Release|Any CPU.ActiveCfg = Release|Any CPU
		{A220F2DB-F19B-4ECE-A52A-EF8575058721}.Release|Any CPU.Build.0 = Release|Any CPU
		{1F083F92-F82C-426E-99D1-DF97A50A0570}.Debug|Any CPU.ActiveCfg = Debug|Any CPU
		{1F083F92-F82C-426E-99D1-DF97A50A0570}.Debug|Any CPU.Build.0 = Debug|Any CPU
		{1F083F92-F82C-426E-99D1-DF97A50A0570}.Release|Any CPU.ActiveCfg = Release|Any CPU
		{1F083F92-F82C-426E-99D1-DF97A50A0570}.Release|Any CPU.Build.0 = Release|Any CPU
	EndGlobalSection
	GlobalSection(SolutionProperties) = preSolution
		HideSolutionNode = FALSE
	EndGlobalSection
	GlobalSection(ExtensibilityGlobals) = postSolution
		SolutionGuid = {BFB09FBB-6916-4978-99D2-A81989BE33B3}
	EndGlobalSection
EndGlobal
